
Microsoft Visual Studio Solution File, Format Version 12.00
# Visual Studio Version 17
VisualStudioVersion = 17.14.36414.22 d17.14
MinimumVisualStudioVersion = 10.0.40219.1
Project("{FAE04EC0-301F-11D3-BF4B-00C04F79EFBC}") = "TaskCapture", "TaskCapture\TaskCapture.csproj", "{5C457800-ED01-4CE7-82DF-9C546F3F3EF8}"
EndProject
Global
	GlobalSection(SolutionConfigurationPlatforms) = preSolution
		Debug|Any CPU = Debug|Any CPU
		Release|Any CPU = Release|Any CPU
	EndGlobalSection
	GlobalSection(ProjectConfigurationPlatforms) = postSolution
		{5C457800-ED01-4CE7-82DF-9C546F3F3EF8}.Debug|Any CPU.ActiveCfg = Debug|Any CPU
		{5C457800-ED01-4CE7-82DF-9C546F3F3EF8}.Debug|Any CPU.Build.0 = Debug|Any CPU
		{5C457800-ED01-4CE7-82DF-9C546F3F3EF8}.Release|Any CPU.ActiveCfg = Release|Any CPU
		{5C457800-ED01-4CE7-82DF-9C546F3F3EF8}.Release|Any CPU.Build.0 = Release|Any CPU
	EndGlobalSection
	GlobalSection(SolutionProperties) = preSolution
		HideSolutionNode = FALSE
	EndGlobalSection
	GlobalSection(ExtensibilityGlobals) = postSolution
		SolutionGuid = {4E346FAA-B944-46D3-B1F9-E1D28917781A}
	EndGlobalSection
EndGlobal
